<?xml version="1.0" encoding="utf-8"?>
<Project ToolsVersion="4.0" xmlns="http://schemas.microsoft.com/developer/msbuild/2003">
  <ItemGroup>
    <Filter Include="Source Files">
      <UniqueIdentifier>{4FC737F1-C7A5-4376-A066-2A32D752A2FF}</UniqueIdentifier>
      <Extensions>cpp;c;cc;cxx;def;odl;idl;hpj;bat;asm;asmx</Extensions>
    </Filter>
    <Filter Include="Header Files">
      <UniqueIdentifier>{93995380-89BD-4b04-88EB-625FBE52EBFB}</UniqueIdentifier>
      <Extensions>h;hh;hpp;hxx;hm;inl;inc;ipp;xsd</Extensions>
    </Filter>
    <Filter Include="Resource Files">
      <UniqueIdentifier>{67DA6AB6-F800-4c08-8B7A-83BB121AAD01}</UniqueIdentifier>
      <Extensions>rc;ico;cur;bmp;dlg;rc2;rct;bin;rgs;gif;jpg;jpeg;jpe;resx;tiff;tif;png;wav;mfcribbon-ms</Extensions>
    </Filter>
    <Filter Include="Scene">
      <UniqueIdentifier>{5f453523-a0e4-40f8-95c7-814524aa97cf}</UniqueIdentifier>
    </Filter>
    <Filter Include="Graphic">
      <UniqueIdentifier>{46c9b9af-0235-43e7-b481-442e6e724378}</UniqueIdentifier>
    </Filter>
    <Filter Include="Grid">
      <UniqueIdentifier>{14a6bb8e-f185-4a74-ba1f-4b2a6c908aff}</UniqueIdentifier>
    </Filter>
    <Filter Include="Map">
      <UniqueIdentifier>{d6f203c3-bde3-4aa9-aff2-9f846ed2ffc0}</UniqueIdentifier>
    </Filter>
    <Filter Include="GameObjects">
      <UniqueIdentifier>{dce95723-4ebd-4174-b3ff-4ae83aaf5a48}</UniqueIdentifier>
    </Filter>
    <Filter Include="GameObjects\Aladdin">
      <UniqueIdentifier>{e925816a-8574-4c8f-8cc9-7075b0f3c9fc}</UniqueIdentifier>
    </Filter>
  </ItemGroup>
  <ItemGroup>
    <ClCompile Include="Main.cpp">
      <Filter>Source Files</Filter>
    </ClCompile>
    <ClCompile Include="Game.cpp">
      <Filter>Source Files</Filter>
    </ClCompile>
    <ClCompile Include="Camera.cpp">
      <Filter>Source Files</Filter>
    </ClCompile>
    <ClCompile Include="Debug.cpp">
      <Filter>Source Files</Filter>
    </ClCompile>
    <ClCompile Include="SceneGame.cpp">
      <Filter>Scene</Filter>
    </ClCompile>
    <ClCompile Include="SceneManager.cpp">
      <Filter>Scene</Filter>
    </ClCompile>
    <ClCompile Include="Textures.cpp">
      <Filter>Graphic</Filter>
    </ClCompile>
    <ClCompile Include="Grid.cpp">
      <Filter>Grid</Filter>
    </ClCompile>
    <ClCompile Include="Cell.cpp">
      <Filter>Grid</Filter>
    </ClCompile>
    <ClCompile Include="Sprites.cpp">
      <Filter>Graphic</Filter>
    </ClCompile>
    <ClCompile Include="Animations.cpp">
      <Filter>Graphic</Filter>
    </ClCompile>
    <ClCompile Include="Map.cpp">
      <Filter>Map</Filter>
    </ClCompile>
    <ClCompile Include="Aladdin.cpp">
      <Filter>GameObjects\Aladdin</Filter>
    </ClCompile>
    <ClCompile Include="GameObject.cpp">
      <Filter>GameObjects</Filter>
    </ClCompile>
    <ClCompile Include="Brick.cpp">
      <Filter>GameObjects</Filter>
    </ClCompile>
    <ClCompile Include="Apple.cpp">
      <Filter>Source Files</Filter>
    </ClCompile>
  </ItemGroup>
  <ItemGroup>
    <ClInclude Include="Game.h">
      <Filter>Header Files</Filter>
    </ClInclude>
    <ClInclude Include="Define.h">
      <Filter>Header Files</Filter>
    </ClInclude>
    <ClInclude Include="Camera.h">
      <Filter>Header Files</Filter>
    </ClInclude>
    <ClInclude Include="Debug.h">
      <Filter>Header Files</Filter>
    </ClInclude>
    <ClInclude Include="SceneManager.h">
      <Filter>Scene</Filter>
    </ClInclude>
    <ClInclude Include="SceneGame.h">
      <Filter>Scene</Filter>
    </ClInclude>
    <ClInclude Include="Scene.h">
      <Filter>Scene</Filter>
    </ClInclude>
    <ClInclude Include="Textures.h">
      <Filter>Graphic</Filter>
    </ClInclude>
    <ClInclude Include="Cell.h">
      <Filter>Grid</Filter>
    </ClInclude>
    <ClInclude Include="Grid.h">
      <Filter>Grid</Filter>
    </ClInclude>
    <ClInclude Include="Sprites.h">
      <Filter>Graphic</Filter>
    </ClInclude>
    <ClInclude Include="Animations.h">
      <Filter>Graphic</Filter>
    </ClInclude>
    <ClInclude Include="Map.h">
      <Filter>Map</Filter>
    </ClInclude>
    <ClInclude Include="Aladdin.h">
      <Filter>GameObjects\Aladdin</Filter>
    </ClInclude>
    <ClInclude Include="GameObject.h">
      <Filter>GameObjects</Filter>
    </ClInclude>
    <ClInclude Include="Brick.h">
      <Filter>GameObjects</Filter>
    </ClInclude>
    <ClInclude Include="Apple.h">
      <Filter>Header Files</Filter>
    </ClInclude>
  </ItemGroup>
</Project>